
Microsoft Visual Studio Solution File, Format Version 12.00
# Visual Studio Version 17
VisualStudioVersion = 17.4.33213.308
MinimumVisualStudioVersion = 10.0.40219.1
Project("{FAE04EC0-301F-11D3-BF4B-00C04F79EFBC}") = "Casa", "Casa\Casa.csproj", "{7C28ACE6-0658-44D9-BE0C-E824483D9249}"
EndProject
Global
	GlobalSection(SolutionConfigurationPlatforms) = preSolution
		Debug|Any CPU = Debug|Any CPU
		Release|Any CPU = Release|Any CPU
	EndGlobalSection
	GlobalSection(ProjectConfigurationPlatforms) = postSolution
		{7C28ACE6-0658-44D9-BE0C-E824483D9249}.Debug|Any CPU.ActiveCfg = Debug|Any CPU
		{7C28ACE6-0658-44D9-BE0C-E824483D9249}.Debug|Any CPU.Build.0 = Debug|Any CPU
		{7C28ACE6-0658-44D9-BE0C-E824483D9249}.Release|Any CPU.ActiveCfg = Release|Any CPU
		{7C28ACE6-0658-44D9-BE0C-E824483D9249}.Release|Any CPU.Build.0 = Release|Any CPU
	EndGlobalSection
	GlobalSection(SolutionProperties) = preSolution
		HideSolutionNode = FALSE
	EndGlobalSection
	GlobalSection(ExtensibilityGlobals) = postSolution
		SolutionGuid = {BBA0D285-8F3B-43B9-B26E-7DD935302C34}
	EndGlobalSection
EndGlobal
